
Microsoft Visual Studio Solution File, Format Version 12.00
# Visual Studio Version 16
VisualStudioVersion = 16.0.31515.178
MinimumVisualStudioVersion = 10.0.40219.1
Project("{FAE04EC0-301F-11D3-BF4B-00C04F79EFBC}") = "GridLandMetro", "GridLandMetro\GridLandMetro.csproj", "{82C8E512-73E6-40BC-B361-B5E1EBC095EA}"
EndProject
Global
	GlobalSection(SolutionConfigurationPlatforms) = preSolution
		Debug|Any CPU = Debug|Any CPU
		Release|Any CPU = Release|Any CPU
	EndGlobalSection
	GlobalSection(ProjectConfigurationPlatforms) = postSolution
		{82C8E512-73E6-40BC-B361-B5E1EBC095EA}.Debug|Any CPU.ActiveCfg = Debug|Any CPU
		{82C8E512-73E6-40BC-B361-B5E1EBC095EA}.Debug|Any CPU.Build.0 = Debug|Any CPU
		{82C8E512-73E6-40BC-B361-B5E1EBC095EA}.Release|Any CPU.ActiveCfg = Release|Any CPU
		{82C8E512-73E6-40BC-B361-B5E1EBC095EA}.Release|Any CPU.Build.0 = Release|Any CPU
	EndGlobalSection
	GlobalSection(SolutionProperties) = preSolution
		HideSolutionNode = FALSE
	EndGlobalSection
	GlobalSection(ExtensibilityGlobals) = postSolution
		SolutionGuid = {A67FAF21-D32E-4221-A3C7-08A75FAEE465}
	EndGlobalSection
EndGlobal
